
Microsoft Visual Studio Solution File, Format Version 12.00
# Visual Studio Version 17
VisualStudioVersion = 17.11.35219.272
MinimumVisualStudioVersion = 10.0.40219.1
Project("{FAE04EC0-301F-11D3-BF4B-00C04F79EFBC}") = "Ejercicio2", "Ejercicio2\Ejercicio2.csproj", "{3595262B-B465-47D6-8480-AB4B82D58D8C}"
EndProject
Global
	GlobalSection(SolutionConfigurationPlatforms) = preSolution
		Debug|Any CPU = Debug|Any CPU
		Release|Any CPU = Release|Any CPU
	EndGlobalSection
	GlobalSection(ProjectConfigurationPlatforms) = postSolution
		{3595262B-B465-47D6-8480-AB4B82D58D8C}.Debug|Any CPU.ActiveCfg = Debug|Any CPU
		{3595262B-B465-47D6-8480-AB4B82D58D8C}.Debug|Any CPU.Build.0 = Debug|Any CPU
		{3595262B-B465-47D6-8480-AB4B82D58D8C}.Release|Any CPU.ActiveCfg = Release|Any CPU
		{3595262B-B465-47D6-8480-AB4B82D58D8C}.Release|Any CPU.Build.0 = Release|Any CPU
	EndGlobalSection
	GlobalSection(SolutionProperties) = preSolution
		HideSolutionNode = FALSE
	EndGlobalSection
	GlobalSection(ExtensibilityGlobals) = postSolution
		SolutionGuid = {2D41CCDC-6267-4B14-AEC2-C8BFC0DD37FF}
	EndGlobalSection
EndGlobal
